
Microsoft Visual Studio Solution File, Format Version 12.00
Project("{FAE04EC0-301F-11D3-BF4B-00C04F79EFBC}") = "SampleDotNet", "SampleDotNet\SampleDotNet.csproj", "{E906BA98-0303-43F9-9C5B-2DFEC8AF0E8F}"
EndProject
Global
	GlobalSection(SolutionConfigurationPlatforms) = preSolution
		Debug|Any CPU = Debug|Any CPU
		Release|Any CPU = Release|Any CPU
	EndGlobalSection
	GlobalSection(ProjectConfigurationPlatforms) = postSolution
		{E906BA98-0303-43F9-9C5B-2DFEC8AF0E8F}.Debug|Any CPU.ActiveCfg = Debug|Any CPU
		{E906BA98-0303-43F9-9C5B-2DFEC8AF0E8F}.Debug|Any CPU.Build.0 = Debug|Any CPU
		{E906BA98-0303-43F9-9C5B-2DFEC8AF0E8F}.Release|Any CPU.ActiveCfg = Release|Any CPU
		{E906BA98-0303-43F9-9C5B-2DFEC8AF0E8F}.Release|Any CPU.Build.0 = Release|Any CPU
	EndGlobalSection
EndGlobal
